// !$*UTF8*$!
{
	archiveVersion = 1;
	classes = {
	};
	objectVersion = 56;
	objects = {

/* Begin PBXBuildFile section */
		384EEDEC2C507B7A00978678 /* RestartApp.swift in Sources */ = {isa = PBXBuildFile; fileRef = 384EEDEB2C507B7A00978678 /* RestartApp.swift */; };
		384EEDEE2C507B7A00978678 /* ContentView.swift in Sources */ = {isa = PBXBuildFile; fileRef = 384EEDED2C507B7A00978678 /* ContentView.swift */; };
		384EEDF02C507B7C00978678 /* Assets.xcassets in Resources */ = {isa = PBXBuildFile; fileRef = 384EEDEF2C507B7C00978678 /* Assets.xcassets */; };
		384EEDF32C507B7C00978678 /* Preview Assets.xcassets in Resources */ = {isa = PBXBuildFile; fileRef = 384EEDF22C507B7C00978678 /* Preview Assets.xcassets */; };
		384EEDFB2C507F9C00978678 /* success.m4a in Resources */ = {isa = PBXBuildFile; fileRef = 384EEDF92C507F9B00978678 /* success.m4a */; };
		384EEDFC2C507F9C00978678 /* chimeup.mp3 in Resources */ = {isa = PBXBuildFile; fileRef = 384EEDFA2C507F9C00978678 /* chimeup.mp3 */; };
		384EEE032C5082C400978678 /* onBoardingView.swift in Sources */ = {isa = PBXBuildFile; fileRef = 384EEE022C5082C400978678 /* onBoardingView.swift */; };
		384EEE052C5082D100978678 /* HomeView.swift in Sources */ = {isa = PBXBuildFile; fileRef = 384EEE042C5082D100978678 /* HomeView.swift */; };
		384EEE072C508FD200978678 /* CirculoGrupView.swift in Sources */ = {isa = PBXBuildFile; fileRef = 384EEE062C508FD200978678 /* CirculoGrupView.swift */; };
		38F4AC022C8BDEE900CBA3CB /* AudioPlayer.swift in Sources */ = {isa = PBXBuildFile; fileRef = 38F4AC012C8BDEE900CBA3CB /* AudioPlayer.swift */; };
/* End PBXBuildFile section */

/* Begin PBXFileReference section */
		384EEDE82C507B7A00978678 /* Restart.app */ = {isa = PBXFileReference; explicitFileType = wrapper.application; includeInIndex = 0; path = Restart.app; sourceTree = BUILT_PRODUCTS_DIR; };
		384EEDEB2C507B7A00978678 /* RestartApp.swift */ = {isa = PBXFileReference; lastKnownFileType = sourcecode.swift; path = RestartApp.swift; sourceTree = "<group>"; };
		384EEDED2C507B7A00978678 /* ContentView.swift */ = {isa = PBXFileReference; lastKnownFileType = sourcecode.swift; path = ContentView.swift; sourceTree = "<group>"; };
		384EEDEF2C507B7C00978678 /* Assets.xcassets */ = {isa = PBXFileReference; lastKnownFileType = folder.assetcatalog; path = Assets.xcassets; sourceTree = "<group>"; };
		384EEDF22C507B7C00978678 /* Preview Assets.xcassets */ = {isa = PBXFileReference; lastKnownFileType = folder.assetcatalog; path = "Preview Assets.xcassets"; sourceTree = "<group>"; };
		384EEDF92C507F9B00978678 /* success.m4a */ = {isa = PBXFileReference; lastKnownFileType = file; path = success.m4a; sourceTree = "<group>"; };
		384EEDFA2C507F9C00978678 /* chimeup.mp3 */ = {isa = PBXFileReference; lastKnownFileType = audio.mp3; path = chimeup.mp3; sourceTree = "<group>"; };
		384EEE012C50826800978678 /* Info.plist */ = {isa = PBXFileReference; lastKnownFileType = text.plist; path = Info.plist; sourceTree = "<group>"; };
		384EEE022C5082C400978678 /* onBoardingView.swift */ = {isa = PBXFileReference; lastKnownFileType = sourcecode.swift; path = onBoardingView.swift; sourceTree = "<group>"; };
		384EEE042C5082D100978678 /* HomeView.swift */ = {isa = PBXFileReference; lastKnownFileType = sourcecode.swift; path = HomeView.swift; sourceTree = "<group>"; };
		384EEE062C508FD200978678 /* CirculoGrupView.swift */ = {isa = PBXFileReference; lastKnownFileType = sourcecode.swift; path = CirculoGrupView.swift; sourceTree = "<group>"; };
		38F4AC012C8BDEE900CBA3CB /* AudioPlayer.swift */ = {isa = PBXFileReference; lastKnownFileType = sourcecode.swift; path = AudioPlayer.swift; sourceTree = SOURCE_ROOT; };
/* End PBXFileReference section */

/* Begin PBXFrameworksBuildPhase section */
		384EEDE52C507B7A00978678 /* Frameworks */ = {
			isa = PBXFrameworksBuildPhase;
			buildActionMask = 2147483647;
			files = (
			);
			runOnlyForDeploymentPostprocessing = 0;
		};
/* End PBXFrameworksBuildPhase section */

/* Begin PBXGroup section */
		384EEDDF2C507B7A00978678 = {
			isa = PBXGroup;
			children = (
				384EEDEA2C507B7A00978678 /* Restart */,
				384EEDE92C507B7A00978678 /* Products */,
			);
			sourceTree = "<group>";
		};
		384EEDE92C507B7A00978678 /* Products */ = {
			isa = PBXGroup;
			children = (
				384EEDE82C507B7A00978678 /* Restart.app */,
			);
			name = Products;
			sourceTree = "<group>";
		};
		384EEDEA2C507B7A00978678 /* Restart */ = {
			isa = PBXGroup;
			children = (
				384EEE012C50826800978678 /* Info.plist */,
				384EEE002C5080C400978678 /* Utilidades */,
				384EEDFF2C5080B700978678 /* Vistas */,
				384EEDFD2C507FA700978678 /* Sonidos */,
				384EEDEB2C507B7A00978678 /* RestartApp.swift */,
				384EEDFE2C5080AC00978678 /* Pantallas */,
				384EEDEF2C507B7C00978678 /* Assets.xcassets */,
				384EEDF12C507B7C00978678 /* Preview Content */,
			);
			path = Restart;
			sourceTree = "<group>";
		};
		384EEDF12C507B7C00978678 /* Preview Content */ = {
			isa = PBXGroup;
			children = (
				384EEDF22C507B7C00978678 /* Preview Assets.xcassets */,
			);
			path = "Preview Content";
			sourceTree = "<group>";
		};
		384EEDFD2C507FA700978678 /* Sonidos */ = {
			isa = PBXGroup;
			children = (
				384EEDFA2C507F9C00978678 /* chimeup.mp3 */,
				384EEDF92C507F9B00978678 /* success.m4a */,
			);
			path = Sonidos;
			sourceTree = "<group>";
		};
		384EEDFE2C5080AC00978678 /* Pantallas */ = {
			isa = PBXGroup;
			children = (
				384EEDED2C507B7A00978678 /* ContentView.swift */,
				384EEE022C5082C400978678 /* onBoardingView.swift */,
				384EEE042C5082D100978678 /* HomeView.swift */,
			);
			path = Pantallas;
			sourceTree = "<group>";
		};
		384EEDFF2C5080B700978678 /* Vistas */ = {
			isa = PBXGroup;
			children = (
				384EEE062C508FD200978678 /* CirculoGrupView.swift */,
			);
			path = Vistas;
			sourceTree = "<group>";
		};
		384EEE002C5080C400978678 /* Utilidades */ = {
			isa = PBXGroup;
			children = (
				38F4AC012C8BDEE900CBA3CB /* AudioPlayer.swift */,
			);
			path = Utilidades;
			sourceTree = "<group>";
		};
/* End PBXGroup section */

/* Begin PBXNativeTarget section */
		384EEDE72C507B7A00978678 /* Restart */ = {
			isa = PBXNativeTarget;
			buildConfigurationList = 384EEDF62C507B7C00978678 /* Build configuration list for PBXNativeTarget "Restart" */;
			buildPhases = (
				384EEDE42C507B7A00978678 /* Sources */,
				384EEDE52C507B7A00978678 /* Frameworks */,
				384EEDE62C507B7A00978678 /* Resources */,
			);
			buildRules = (
			);
			dependencies = (
			);
			name = Restart;
			productName = Restart;
			productReference = 384EEDE82C507B7A00978678 /* Restart.app */;
			productType = "com.apple.product-type.application";
		};
/* End PBXNativeTarget section */

/* Begin PBXProject section */
		384EEDE02C507B7A00978678 /* Project object */ = {
			isa = PBXProject;
			attributes = {
				BuildIndependentTargetsInParallel = 1;
				LastSwiftUpdateCheck = 1540;
				LastUpgradeCheck = 1540;
				TargetAttributes = {
					384EEDE72C507B7A00978678 = {
						CreatedOnToolsVersion = 15.4;
					};
				};
			};
			buildConfigurationList = 384EEDE32C507B7A00978678 /* Build configuration list for PBXProject "Restart" */;
			compatibilityVersion = "Xcode 14.0";
			developmentRegion = en;
			hasScannedForEncodings = 0;
			knownRegions = (
				en,
				Base,
			);
			mainGroup = 384EEDDF2C507B7A00978678;
			productRefGroup = 384EEDE92C507B7A00978678 /* Products */;
			projectDirPath = "";
			projectRoot = "";
			targets = (
				384EEDE72C507B7A00978678 /* Restart */,
			);
		};
/* End PBXProject section */

/* Begin PBXResourcesBuildPhase section */
		384EEDE62C507B7A00978678 /* Resources */ = {
			isa = PBXResourcesBuildPhase;
			buildActionMask = 2147483647;
			files = (
				384EEDFC2C507F9C00978678 /* chimeup.mp3 in Resources */,
				384EEDF32C507B7C00978678 /* Preview Assets.xcassets in Resources */,
				384EEDFB2C507F9C00978678 /* success.m4a in Resources */,
				384EEDF02C507B7C00978678 /* Assets.xcassets in Resources */,
			);
			runOnlyForDeploymentPostprocessing = 0;
		};
/* End PBXResourcesBuildPhase section */

/* Begin PBXSourcesBuildPhase section */
		384EEDE42C507B7A00978678 /* Sources */ = {
			isa = PBXSourcesBuildPhase;
			buildActionMask = 2147483647;
			files = (
				384EEE032C5082C400978678 /* onBoardingView.swift in Sources */,
				384EEE072C508FD200978678 /* CirculoGrupView.swift in Sources */,
				384EEE052C5082D100978678 /* HomeView.swift in Sources */,
				384EEDEE2C507B7A00978678 /* ContentView.swift in Sources */,
				384EEDEC2C507B7A00978678 /* RestartApp.swift in Sources */,
				38F4AC022C8BDEE900CBA3CB /* AudioPlayer.swift in Sources */,
			);
			runOnlyForDeploymentPostprocessing = 0;
		};
/* End PBXSourcesBuildPhase section */

/* Begin XCBuildConfiguration section */
		384EEDF42C507B7C00978678 /* Debug */ = {
			isa = XCBuildConfiguration;
			buildSettings = {
				ALWAYS_SEARCH_USER_PATHS = NO;
				ASSETCATALOG_COMPILER_GENERATE_SWIFT_ASSET_SYMBOL_EXTENSIONS = YES;
				CLANG_ANALYZER_NONNULL = YES;
				CLANG_ANALYZER_NUMBER_OBJECT_CONVERSION = YES_AGGRESSIVE;
				CLANG_CXX_LANGUAGE_STANDARD = "gnu++20";
				CLANG_ENABLE_MODULES = YES;
				CLANG_ENABLE_OBJC_ARC = YES;
				CLANG_ENABLE_OBJC_WEAK = YES;
				CLANG_WARN_BLOCK_CAPTURE_AUTORELEASING = YES;
				CLANG_WARN_BOOL_CONVERSION = YES;
				CLANG_WARN_COMMA = YES;
				CLANG_WARN_CONSTANT_CONVERSION = YES;
				CLANG_WARN_DEPRECATED_OBJC_IMPLEMENTATIONS = YES;
				CLANG_WARN_DIRECT_OBJC_ISA_USAGE = YES_ERROR;
				CLANG_WARN_DOCUMENTATION_COMMENTS = YES;
				CLANG_WARN_EMPTY_BODY = YES;
				CLANG_WARN_ENUM_CONVERSION = YES;
				CLANG_WARN_INFINITE_RECURSION = YES;
				CLANG_WARN_INT_CONVERSION = YES;
				CLANG_WARN_NON_LITERAL_NULL_CONVERSION = YES;
				CLANG_WARN_OBJC_IMPLICIT_RETAIN_SELF = YES;
				CLANG_WARN_OBJC_LITERAL_CONVERSION = YES;
				CLANG_WARN_OBJC_ROOT_CLASS = YES_ERROR;
				CLANG_WARN_QUOTED_INCLUDE_IN_FRAMEWORK_HEADER = YES;
				CLANG_WARN_RANGE_LOOP_ANALYSIS = YES;
				CLANG_WARN_STRICT_PROTOTYPES = YES;
				CLANG_WARN_SUSPICIOUS_MOVE = YES;
				CLANG_WARN_UNGUARDED_AVAILABILITY = YES_AGGRESSIVE;
				CLANG_WARN_UNREACHABLE_CODE = YES;
				CLANG_WARN__DUPLICATE_METHOD_MATCH = YES;
				COPY_PHASE_STRIP = NO;
				DEBUG_INFORMATION_FORMAT = dwarf;
				ENABLE_STRICT_OBJC_MSGSEND = YES;
				ENABLE_TESTABILITY = YES;
				ENABLE_USER_SCRIPT_SANDBOXING = YES;
				GCC_C_LANGUAGE_STANDARD = gnu17;
				GCC_DYNAMIC_NO_PIC = NO;
				GCC_NO_COMMON_BLOCKS = YES;
				GCC_OPTIMIZATION_LEVEL = 0;
				GCC_PREPROCESSOR_DEFINITIONS = (
					"DEBUG=1",
					"$(inherited)",
				);
				GCC_WARN_64_TO_32_BIT_CONVERSION = YES;
				GCC_WARN_ABOUT_RETURN_TYPE = YES_ERROR;
				GCC_WARN_UNDECLARED_SELECTOR = YES;
				GCC_WARN_UNINITIALIZED_AUTOS = YES_AGGRESSIVE;
				GCC_WARN_UNUSED_FUNCTION = YES;
				GCC_WARN_UNUSED_VARIABLE = YES;
				IPHONEOS_DEPLOYMENT_TARGET = 17.5;
				LOCALIZATION_PREFERS_STRING_CATALOGS = YES;
				MTL_ENABLE_DEBUG_INFO = INCLUDE_SOURCE;
				MTL_FAST_MATH = YES;
				ONLY_ACTIVE_ARCH = YES;
				SDKROOT = iphoneos;
				SWIFT_ACTIVE_COMPILATION_CONDITIONS = "DEBUG $(inherited)";
				SWIFT_OPTIMIZATION_LEVEL = "-Onone";
			};
			name = Debug;
		};
		384EEDF52C507B7C00978678 /* Release */ = {
			isa = XCBuildConfiguration;
			buildSettings = {
				ALWAYS_SEARCH_USER_PATHS = NO;
				ASSETCATALOG_COMPILER_GENERATE_SWIFT_ASSET_SYMBOL_EXTENSIONS = YES;
				CLANG_ANALYZER_NONNULL = YES;
				CLANG_ANALYZER_NUMBER_OBJECT_CONVERSION = YES_AGGRESSIVE;
				CLANG_CXX_LANGUAGE_STANDARD = "gnu++20";
				CLANG_ENABLE_MODULES = YES;
				CLANG_ENABLE_OBJC_ARC = YES;
				CLANG_ENABLE_OBJC_WEAK = YES;
				CLANG_WARN_BLOCK_CAPTURE_AUTORELEASING = YES;
				CLANG_WARN_BOOL_CONVERSION = YES;
				CLANG_WARN_COMMA = YES;
				CLANG_WARN_CONSTANT_CONVERSION = YES;
				CLANG_WARN_DEPRECATED_OBJC_IMPLEMENTATIONS = YES;
				CLANG_WARN_DIRECT_OBJC_ISA_USAGE = YES_ERROR;
				CLANG_WARN_DOCUMENTATION_COMMENTS = YES;
				CLANG_WARN_EMPTY_BODY = YES;
				CLANG_WARN_ENUM_CONVERSION = YES;
				CLANG_WARN_INFINITE_RECURSION = YES;
				CLANG_WARN_INT_CONVERSION = YES;
				CLANG_WARN_NON_LITERAL_NULL_CONVERSION = YES;
				CLANG_WARN_OBJC_IMPLICIT_RETAIN_SELF = YES;
				CLANG_WARN_OBJC_LITERAL_CONVERSION = YES;
				CLANG_WARN_OBJC_ROOT_CLASS = YES_ERROR;
				CLANG_WARN_QUOTED_INCLUDE_IN_FRAMEWORK_HEADER = YES;
				CLANG_WARN_RANGE_LOOP_ANALYSIS = YES;
				CLANG_WARN_STRICT_PROTOTYPES = YES;
				CLANG_WARN_SUSPICIOUS_MOVE = YES;
				CLANG_WARN_UNGUARDED_AVAILABILITY = YES_AGGRESSIVE;
				CLANG_WARN_UNREACHABLE_CODE = YES;
				CLANG_WARN__DUPLICATE_METHOD_MATCH = YES;
				COPY_PHASE_STRIP = NO;
				DEBUG_INFORMATION_FORMAT = "dwarf-with-dsym";
				ENABLE_NS_ASSERTIONS = NO;
				ENABLE_STRICT_OBJC_MSGSEND = YES;
				ENABLE_USER_SCRIPT_SANDBOXING = YES;
				GCC_C_LANGUAGE_STANDARD = gnu17;
				GCC_NO_COMMON_BLOCKS = YES;
				GCC_WARN_64_TO_32_BIT_CONVERSION = YES;
				GCC_WARN_ABOUT_RETURN_TYPE = YES_ERROR;
				GCC_WARN_UNDECLARED_SELECTOR = YES;
				GCC_WARN_UNINITIALIZED_AUTOS = YES_AGGRESSIVE;
				GCC_WARN_UNUSED_FUNCTION = YES;
				GCC_WARN_UNUSED_VARIABLE = YES;
				IPHONEOS_DEPLOYMENT_TARGET = 17.5;
				LOCALIZATION_PREFERS_STRING_CATALOGS = YES;
				MTL_ENABLE_DEBUG_INFO = NO;
				MTL_FAST_MATH = YES;
				SDKROOT = iphoneos;
				SWIFT_COMPILATION_MODE = wholemodule;
				VALIDATE_PRODUCT = YES;
			};
			name = Release;
		};
		384EEDF72C507B7C00978678 /* Debug */ = {
			isa = XCBuildConfiguration;
			buildSettings = {
				ASSETCATALOG_COMPILER_APPICON_NAME = AppIcon;
				ASSETCATALOG_COMPILER_GLOBAL_ACCENT_COLOR_NAME = AccentColor;
				CODE_SIGN_STYLE = Automatic;
				CURRENT_PROJECT_VERSION = 1;
				DEVELOPMENT_ASSET_PATHS = "\"Restart/Preview Content\"";
				DEVELOPMENT_TEAM = 524JK9AL29;
				ENABLE_PREVIEWS = YES;
				GENERATE_INFOPLIST_FILE = YES;
				INFOPLIST_FILE = Restart/Info.plist;
				INFOPLIST_KEY_UIApplicationSceneManifest_Generation = YES;
				INFOPLIST_KEY_UIApplicationSupportsIndirectInputEvents = YES;
				INFOPLIST_KEY_UISupportedInterfaceOrientations = UIInterfaceOrientationPortrait;
				INFOPLIST_KEY_UISupportedInterfaceOrientations_iPad = "UIInterfaceOrientationLandscapeLeft UIInterfaceOrientationLandscapeRight UIInterfaceOrientationPortrait UIInterfaceOrientationPortraitUpsideDown";
				IPHONEOS_DEPLOYMENT_TARGET = 17.5;
				LD_RUNPATH_SEARCH_PATHS = (
					"$(inherited)",
					"@executable_path/Frameworks",
				);
				MARKETING_VERSION = 1.0;
				PRODUCT_BUNDLE_IDENTIFIER = "Ulises-Martinez.Restart";
				PRODUCT_NAME = "$(TARGET_NAME)";
				SWIFT_EMIT_LOC_STRINGS = YES;
				SWIFT_VERSION = 5.0;
				TARGETED_DEVICE_FAMILY = "1,2";
			};
			name = Debug;
		};
		384EEDF82C507B7C00978678 /* Release */ = {
			isa = XCBuildConfiguration;
			buildSettings = {
				ASSETCATALOG_COMPILER_APPICON_NAME = AppIcon;
				ASSETCATALOG_COMPILER_GLOBAL_ACCENT_COLOR_NAME = AccentColor;
				CODE_SIGN_STYLE = Automatic;
				CURRENT_PROJECT_VERSION = 1;
				DEVELOPMENT_ASSET_PATHS = "\"Restart/Preview Content\"";
				DEVELOPMENT_TEAM = 524JK9AL29;
				ENABLE_PREVIEWS = YES;
				GENERATE_INFOPLIST_FILE = YES;
				INFOPLIST_FILE = Restart/Info.plist;
				INFOPLIST_KEY_UIApplicationSceneManifest_Generation = YES;
				INFOPLIST_KEY_UIApplicationSupportsIndirectInputEvents = YES;
				INFOPLIST_KEY_UISupportedInterfaceOrientations = UIInterfaceOrientationPortrait;
				INFOPLIST_KEY_UISupportedInterfaceOrientations_iPad = "UIInterfaceOrientationLandscapeLeft UIInterfaceOrientationLandscapeRight UIInterfaceOrientationPortrait UIInterfaceOrientationPortraitUpsideDown";
				IPHONEOS_DEPLOYMENT_TARGET = 17.5;
				LD_RUNPATH_SEARCH_PATHS = (
					"$(inherited)",
					"@executable_path/Frameworks",
				);
				MARKETING_VERSION = 1.0;
				PRODUCT_BUNDLE_IDENTIFIER = "Ulises-Martinez.Restart";
				PRODUCT_NAME = "$(TARGET_NAME)";
				SWIFT_EMIT_LOC_STRINGS = YES;
				SWIFT_VERSION = 5.0;
				TARGETED_DEVICE_FAMILY = "1,2";
			};
			name = Release;
		};
/* End XCBuildConfiguration section */

/* Begin XCConfigurationList section */
		384EEDE32C507B7A00978678 /* Build configuration list for PBXProject "Restart" */ = {
			isa = XCConfigurationList;
			buildConfigurations = (
				384EEDF42C507B7C00978678 /* Debug */,
				384EEDF52C507B7C00978678 /* Release */,
			);
			defaultConfigurationIsVisible = 0;
			defaultConfigurationName = Release;
		};
		384EEDF62C507B7C00978678 /* Build configuration list for PBXNativeTarget "Restart" */ = {
			isa = XCConfigurationList;
			buildConfigurations = (
				384EEDF72C507B7C00978678 /* Debug */,
				384EEDF82C507B7C00978678 /* Release */,
			);
			defaultConfigurationIsVisible = 0;
			defaultConfigurationName = Release;
		};
/* End XCConfigurationList section */
	};
	rootObject = 384EEDE02C507B7A00978678 /* Project object */;
}
