// !$*UTF8*$!
{
	archiveVersion = 1;
	classes = {
	};
	objectVersion = 56;
	objects = {

/* Begin PBXBuildFile section */
		38516AC92C48E885000B8ECE /* LabeledContentCustom.swift in Sources */ = {isa = PBXBuildFile; fileRef = 38516AC82C48E885000B8ECE /* LabeledContentCustom.swift */; };
		38566B742C488340000B70C4 /* ConfigView.swift in Sources */ = {isa = PBXBuildFile; fileRef = 38566B732C488340000B70C4 /* ConfigView.swift */; };
		38566B762C48891B000B70C4 /* customCirculoView.swift in Sources */ = {isa = PBXBuildFile; fileRef = 38566B752C48891B000B70C4 /* customCirculoView.swift */; };
		38566B782C488B08000B70C4 /* animacionMovimiento.swift in Sources */ = {isa = PBXBuildFile; fileRef = 38566B772C488B08000B70C4 /* animacionMovimiento.swift */; };
		38C10F3B2C4602E400EFCFA1 /* HikingAppApp.swift in Sources */ = {isa = PBXBuildFile; fileRef = 38C10F3A2C4602E400EFCFA1 /* HikingAppApp.swift */; };
		38C10F3F2C4602E500EFCFA1 /* Assets.xcassets in Resources */ = {isa = PBXBuildFile; fileRef = 38C10F3E2C4602E500EFCFA1 /* Assets.xcassets */; };
		38C10F422C4602E500EFCFA1 /* Preview Assets.xcassets in Resources */ = {isa = PBXBuildFile; fileRef = 38C10F412C4602E500EFCFA1 /* Preview Assets.xcassets */; };
		38C10F492C46073500EFCFA1 /* TarjetaView.swift in Sources */ = {isa = PBXBuildFile; fileRef = 38C10F482C46073500EFCFA1 /* TarjetaView.swift */; };
		38C10F4C2C4607FF00EFCFA1 /* CustomBackgroundView.swift in Sources */ = {isa = PBXBuildFile; fileRef = 38C10F4B2C4607FF00EFCFA1 /* CustomBackgroundView.swift */; };
		38C10F4E2C46099200EFCFA1 /* ColorExtension.swift in Sources */ = {isa = PBXBuildFile; fileRef = 38C10F4D2C46099100EFCFA1 /* ColorExtension.swift */; };
		38C10F512C460EC700EFCFA1 /* CustomBotonView.swift in Sources */ = {isa = PBXBuildFile; fileRef = 38C10F502C460EC700EFCFA1 /* CustomBotonView.swift */; };
		38C10F532C4612B900EFCFA1 /* GradienteBotonStilo.swift in Sources */ = {isa = PBXBuildFile; fileRef = 38C10F522C4612B900EFCFA1 /* GradienteBotonStilo.swift */; };
/* End PBXBuildFile section */

/* Begin PBXFileReference section */
		38516AC82C48E885000B8ECE /* LabeledContentCustom.swift */ = {isa = PBXFileReference; lastKnownFileType = sourcecode.swift; path = LabeledContentCustom.swift; sourceTree = "<group>"; };
		38566B732C488340000B70C4 /* ConfigView.swift */ = {isa = PBXFileReference; lastKnownFileType = sourcecode.swift; path = ConfigView.swift; sourceTree = "<group>"; };
		38566B752C48891B000B70C4 /* customCirculoView.swift */ = {isa = PBXFileReference; lastKnownFileType = sourcecode.swift; path = customCirculoView.swift; sourceTree = "<group>"; };
		38566B772C488B08000B70C4 /* animacionMovimiento.swift */ = {isa = PBXFileReference; lastKnownFileType = sourcecode.swift; path = animacionMovimiento.swift; sourceTree = "<group>"; };
		38C10F372C4602E400EFCFA1 /* HikingApp.app */ = {isa = PBXFileReference; explicitFileType = wrapper.application; includeInIndex = 0; path = HikingApp.app; sourceTree = BUILT_PRODUCTS_DIR; };
		38C10F3A2C4602E400EFCFA1 /* HikingAppApp.swift */ = {isa = PBXFileReference; lastKnownFileType = sourcecode.swift; path = HikingAppApp.swift; sourceTree = "<group>"; };
		38C10F3E2C4602E500EFCFA1 /* Assets.xcassets */ = {isa = PBXFileReference; lastKnownFileType = folder.assetcatalog; path = Assets.xcassets; sourceTree = "<group>"; };
		38C10F412C4602E500EFCFA1 /* Preview Assets.xcassets */ = {isa = PBXFileReference; lastKnownFileType = folder.assetcatalog; path = "Preview Assets.xcassets"; sourceTree = "<group>"; };
		38C10F482C46073500EFCFA1 /* TarjetaView.swift */ = {isa = PBXFileReference; lastKnownFileType = sourcecode.swift; path = TarjetaView.swift; sourceTree = "<group>"; };
		38C10F4B2C4607FF00EFCFA1 /* CustomBackgroundView.swift */ = {isa = PBXFileReference; lastKnownFileType = sourcecode.swift; path = CustomBackgroundView.swift; sourceTree = "<group>"; };
		38C10F4D2C46099100EFCFA1 /* ColorExtension.swift */ = {isa = PBXFileReference; lastKnownFileType = sourcecode.swift; path = ColorExtension.swift; sourceTree = "<group>"; };
		38C10F502C460EC700EFCFA1 /* CustomBotonView.swift */ = {isa = PBXFileReference; lastKnownFileType = sourcecode.swift; path = CustomBotonView.swift; sourceTree = "<group>"; };
		38C10F522C4612B900EFCFA1 /* GradienteBotonStilo.swift */ = {isa = PBXFileReference; lastKnownFileType = sourcecode.swift; path = GradienteBotonStilo.swift; sourceTree = "<group>"; };
/* End PBXFileReference section */

/* Begin PBXFrameworksBuildPhase section */
		38C10F342C4602E300EFCFA1 /* Frameworks */ = {
			isa = PBXFrameworksBuildPhase;
			buildActionMask = 2147483647;
			files = (
			);
			runOnlyForDeploymentPostprocessing = 0;
		};
/* End PBXFrameworksBuildPhase section */

/* Begin PBXGroup section */
		38566B722C488321000B70C4 /* Vistas */ = {
			isa = PBXGroup;
			children = (
				38566B732C488340000B70C4 /* ConfigView.swift */,
			);
			path = Vistas;
			sourceTree = "<group>";
		};
		38C10F2E2C4602E300EFCFA1 = {
			isa = PBXGroup;
			children = (
				38C10F392C4602E400EFCFA1 /* HikingApp */,
				38C10F382C4602E400EFCFA1 /* Products */,
			);
			sourceTree = "<group>";
		};
		38C10F382C4602E400EFCFA1 /* Products */ = {
			isa = PBXGroup;
			children = (
				38C10F372C4602E400EFCFA1 /* HikingApp.app */,
			);
			name = Products;
			sourceTree = "<group>";
		};
		38C10F392C4602E400EFCFA1 /* HikingApp */ = {
			isa = PBXGroup;
			children = (
				38C10F3A2C4602E400EFCFA1 /* HikingAppApp.swift */,
				38C10F4F2C460AFA00EFCFA1 /* Utilidades */,
				38566B722C488321000B70C4 /* Vistas */,
				38C10F4A2C4607E100EFCFA1 /* Componentes */,
				38C10F3E2C4602E500EFCFA1 /* Assets.xcassets */,
				38C10F402C4602E500EFCFA1 /* Preview Content */,
			);
			path = HikingApp;
			sourceTree = "<group>";
		};
		38C10F402C4602E500EFCFA1 /* Preview Content */ = {
			isa = PBXGroup;
			children = (
				38C10F412C4602E500EFCFA1 /* Preview Assets.xcassets */,
			);
			path = "Preview Content";
			sourceTree = "<group>";
		};
		38C10F4A2C4607E100EFCFA1 /* Componentes */ = {
			isa = PBXGroup;
			children = (
				38C10F482C46073500EFCFA1 /* TarjetaView.swift */,
				38C10F4B2C4607FF00EFCFA1 /* CustomBackgroundView.swift */,
				38C10F502C460EC700EFCFA1 /* CustomBotonView.swift */,
				38C10F522C4612B900EFCFA1 /* GradienteBotonStilo.swift */,
				38566B752C48891B000B70C4 /* customCirculoView.swift */,
				38566B772C488B08000B70C4 /* animacionMovimiento.swift */,
				38516AC82C48E885000B8ECE /* LabeledContentCustom.swift */,
			);
			path = Componentes;
			sourceTree = "<group>";
		};
		38C10F4F2C460AFA00EFCFA1 /* Utilidades */ = {
			isa = PBXGroup;
			children = (
				38C10F4D2C46099100EFCFA1 /* ColorExtension.swift */,
			);
			path = Utilidades;
			sourceTree = "<group>";
		};
/* End PBXGroup section */

/* Begin PBXNativeTarget section */
		38C10F362C4602E300EFCFA1 /* HikingApp */ = {
			isa = PBXNativeTarget;
			buildConfigurationList = 38C10F452C4602E500EFCFA1 /* Build configuration list for PBXNativeTarget "HikingApp" */;
			buildPhases = (
				38C10F332C4602E300EFCFA1 /* Sources */,
				38C10F342C4602E300EFCFA1 /* Frameworks */,
				38C10F352C4602E300EFCFA1 /* Resources */,
			);
			buildRules = (
			);
			dependencies = (
			);
			name = HikingApp;
			productName = HikingApp;
			productReference = 38C10F372C4602E400EFCFA1 /* HikingApp.app */;
			productType = "com.apple.product-type.application";
		};
/* End PBXNativeTarget section */

/* Begin PBXProject section */
		38C10F2F2C4602E300EFCFA1 /* Project object */ = {
			isa = PBXProject;
			attributes = {
				BuildIndependentTargetsInParallel = 1;
				LastSwiftUpdateCheck = 1540;
				LastUpgradeCheck = 1540;
				TargetAttributes = {
					38C10F362C4602E300EFCFA1 = {
						CreatedOnToolsVersion = 15.4;
					};
				};
			};
			buildConfigurationList = 38C10F322C4602E300EFCFA1 /* Build configuration list for PBXProject "HikingApp" */;
			compatibilityVersion = "Xcode 14.0";
			developmentRegion = en;
			hasScannedForEncodings = 0;
			knownRegions = (
				en,
				Base,
			);
			mainGroup = 38C10F2E2C4602E300EFCFA1;
			productRefGroup = 38C10F382C4602E400EFCFA1 /* Products */;
			projectDirPath = "";
			projectRoot = "";
			targets = (
				38C10F362C4602E300EFCFA1 /* HikingApp */,
			);
		};
/* End PBXProject section */

/* Begin PBXResourcesBuildPhase section */
		38C10F352C4602E300EFCFA1 /* Resources */ = {
			isa = PBXResourcesBuildPhase;
			buildActionMask = 2147483647;
			files = (
				38C10F422C4602E500EFCFA1 /* Preview Assets.xcassets in Resources */,
				38C10F3F2C4602E500EFCFA1 /* Assets.xcassets in Resources */,
			);
			runOnlyForDeploymentPostprocessing = 0;
		};
/* End PBXResourcesBuildPhase section */

/* Begin PBXSourcesBuildPhase section */
		38C10F332C4602E300EFCFA1 /* Sources */ = {
			isa = PBXSourcesBuildPhase;
			buildActionMask = 2147483647;
			files = (
				38566B762C48891B000B70C4 /* customCirculoView.swift in Sources */,
				38516AC92C48E885000B8ECE /* LabeledContentCustom.swift in Sources */,
				38C10F492C46073500EFCFA1 /* TarjetaView.swift in Sources */,
				38C10F3B2C4602E400EFCFA1 /* HikingAppApp.swift in Sources */,
				38C10F4C2C4607FF00EFCFA1 /* CustomBackgroundView.swift in Sources */,
				38566B742C488340000B70C4 /* ConfigView.swift in Sources */,
				38C10F512C460EC700EFCFA1 /* CustomBotonView.swift in Sources */,
				38C10F532C4612B900EFCFA1 /* GradienteBotonStilo.swift in Sources */,
				38566B782C488B08000B70C4 /* animacionMovimiento.swift in Sources */,
				38C10F4E2C46099200EFCFA1 /* ColorExtension.swift in Sources */,
			);
			runOnlyForDeploymentPostprocessing = 0;
		};
/* End PBXSourcesBuildPhase section */

/* Begin XCBuildConfiguration section */
		38C10F432C4602E500EFCFA1 /* Debug */ = {
			isa = XCBuildConfiguration;
			buildSettings = {
				ALWAYS_SEARCH_USER_PATHS = NO;
				ASSETCATALOG_COMPILER_GENERATE_SWIFT_ASSET_SYMBOL_EXTENSIONS = YES;
				CLANG_ANALYZER_NONNULL = YES;
				CLANG_ANALYZER_NUMBER_OBJECT_CONVERSION = YES_AGGRESSIVE;
				CLANG_CXX_LANGUAGE_STANDARD = "gnu++20";
				CLANG_ENABLE_MODULES = YES;
				CLANG_ENABLE_OBJC_ARC = YES;
				CLANG_ENABLE_OBJC_WEAK = YES;
				CLANG_WARN_BLOCK_CAPTURE_AUTORELEASING = YES;
				CLANG_WARN_BOOL_CONVERSION = YES;
				CLANG_WARN_COMMA = YES;
				CLANG_WARN_CONSTANT_CONVERSION = YES;
				CLANG_WARN_DEPRECATED_OBJC_IMPLEMENTATIONS = YES;
				CLANG_WARN_DIRECT_OBJC_ISA_USAGE = YES_ERROR;
				CLANG_WARN_DOCUMENTATION_COMMENTS = YES;
				CLANG_WARN_EMPTY_BODY = YES;
				CLANG_WARN_ENUM_CONVERSION = YES;
				CLANG_WARN_INFINITE_RECURSION = YES;
				CLANG_WARN_INT_CONVERSION = YES;
				CLANG_WARN_NON_LITERAL_NULL_CONVERSION = YES;
				CLANG_WARN_OBJC_IMPLICIT_RETAIN_SELF = YES;
				CLANG_WARN_OBJC_LITERAL_CONVERSION = YES;
				CLANG_WARN_OBJC_ROOT_CLASS = YES_ERROR;
				CLANG_WARN_QUOTED_INCLUDE_IN_FRAMEWORK_HEADER = YES;
				CLANG_WARN_RANGE_LOOP_ANALYSIS = YES;
				CLANG_WARN_STRICT_PROTOTYPES = YES;
				CLANG_WARN_SUSPICIOUS_MOVE = YES;
				CLANG_WARN_UNGUARDED_AVAILABILITY = YES_AGGRESSIVE;
				CLANG_WARN_UNREACHABLE_CODE = YES;
				CLANG_WARN__DUPLICATE_METHOD_MATCH = YES;
				COPY_PHASE_STRIP = NO;
				DEBUG_INFORMATION_FORMAT = dwarf;
				ENABLE_STRICT_OBJC_MSGSEND = YES;
				ENABLE_TESTABILITY = YES;
				ENABLE_USER_SCRIPT_SANDBOXING = YES;
				GCC_C_LANGUAGE_STANDARD = gnu17;
				GCC_DYNAMIC_NO_PIC = NO;
				GCC_NO_COMMON_BLOCKS = YES;
				GCC_OPTIMIZATION_LEVEL = 0;
				GCC_PREPROCESSOR_DEFINITIONS = (
					"DEBUG=1",
					"$(inherited)",
				);
				GCC_WARN_64_TO_32_BIT_CONVERSION = YES;
				GCC_WARN_ABOUT_RETURN_TYPE = YES_ERROR;
				GCC_WARN_UNDECLARED_SELECTOR = YES;
				GCC_WARN_UNINITIALIZED_AUTOS = YES_AGGRESSIVE;
				GCC_WARN_UNUSED_FUNCTION = YES;
				GCC_WARN_UNUSED_VARIABLE = YES;
				IPHONEOS_DEPLOYMENT_TARGET = 17.5;
				LOCALIZATION_PREFERS_STRING_CATALOGS = YES;
				MTL_ENABLE_DEBUG_INFO = INCLUDE_SOURCE;
				MTL_FAST_MATH = YES;
				ONLY_ACTIVE_ARCH = YES;
				SDKROOT = iphoneos;
				SWIFT_ACTIVE_COMPILATION_CONDITIONS = "DEBUG $(inherited)";
				SWIFT_OPTIMIZATION_LEVEL = "-Onone";
			};
			name = Debug;
		};
		38C10F442C4602E500EFCFA1 /* Release */ = {
			isa = XCBuildConfiguration;
			buildSettings = {
				ALWAYS_SEARCH_USER_PATHS = NO;
				ASSETCATALOG_COMPILER_GENERATE_SWIFT_ASSET_SYMBOL_EXTENSIONS = YES;
				CLANG_ANALYZER_NONNULL = YES;
				CLANG_ANALYZER_NUMBER_OBJECT_CONVERSION = YES_AGGRESSIVE;
				CLANG_CXX_LANGUAGE_STANDARD = "gnu++20";
				CLANG_ENABLE_MODULES = YES;
				CLANG_ENABLE_OBJC_ARC = YES;
				CLANG_ENABLE_OBJC_WEAK = YES;
				CLANG_WARN_BLOCK_CAPTURE_AUTORELEASING = YES;
				CLANG_WARN_BOOL_CONVERSION = YES;
				CLANG_WARN_COMMA = YES;
				CLANG_WARN_CONSTANT_CONVERSION = YES;
				CLANG_WARN_DEPRECATED_OBJC_IMPLEMENTATIONS = YES;
				CLANG_WARN_DIRECT_OBJC_ISA_USAGE = YES_ERROR;
				CLANG_WARN_DOCUMENTATION_COMMENTS = YES;
				CLANG_WARN_EMPTY_BODY = YES;
				CLANG_WARN_ENUM_CONVERSION = YES;
				CLANG_WARN_INFINITE_RECURSION = YES;
				CLANG_WARN_INT_CONVERSION = YES;
				CLANG_WARN_NON_LITERAL_NULL_CONVERSION = YES;
				CLANG_WARN_OBJC_IMPLICIT_RETAIN_SELF = YES;
				CLANG_WARN_OBJC_LITERAL_CONVERSION = YES;
				CLANG_WARN_OBJC_ROOT_CLASS = YES_ERROR;
				CLANG_WARN_QUOTED_INCLUDE_IN_FRAMEWORK_HEADER = YES;
				CLANG_WARN_RANGE_LOOP_ANALYSIS = YES;
				CLANG_WARN_STRICT_PROTOTYPES = YES;
				CLANG_WARN_SUSPICIOUS_MOVE = YES;
				CLANG_WARN_UNGUARDED_AVAILABILITY = YES_AGGRESSIVE;
				CLANG_WARN_UNREACHABLE_CODE = YES;
				CLANG_WARN__DUPLICATE_METHOD_MATCH = YES;
				COPY_PHASE_STRIP = NO;
				DEBUG_INFORMATION_FORMAT = "dwarf-with-dsym";
				ENABLE_NS_ASSERTIONS = NO;
				ENABLE_STRICT_OBJC_MSGSEND = YES;
				ENABLE_USER_SCRIPT_SANDBOXING = YES;
				GCC_C_LANGUAGE_STANDARD = gnu17;
				GCC_NO_COMMON_BLOCKS = YES;
				GCC_WARN_64_TO_32_BIT_CONVERSION = YES;
				GCC_WARN_ABOUT_RETURN_TYPE = YES_ERROR;
				GCC_WARN_UNDECLARED_SELECTOR = YES;
				GCC_WARN_UNINITIALIZED_AUTOS = YES_AGGRESSIVE;
				GCC_WARN_UNUSED_FUNCTION = YES;
				GCC_WARN_UNUSED_VARIABLE = YES;
				IPHONEOS_DEPLOYMENT_TARGET = 17.5;
				LOCALIZATION_PREFERS_STRING_CATALOGS = YES;
				MTL_ENABLE_DEBUG_INFO = NO;
				MTL_FAST_MATH = YES;
				SDKROOT = iphoneos;
				SWIFT_COMPILATION_MODE = wholemodule;
				VALIDATE_PRODUCT = YES;
			};
			name = Release;
		};
		38C10F462C4602E500EFCFA1 /* Debug */ = {
			isa = XCBuildConfiguration;
			buildSettings = {
				ASSETCATALOG_COMPILER_ALTERNATE_APPICON_NAMES = "AppIcon-Mushroom AppIcon-Campfire AppIcon-Camera AppIcon-Backpack";
				ASSETCATALOG_COMPILER_APPICON_NAME = AppIcon;
				ASSETCATALOG_COMPILER_GLOBAL_ACCENT_COLOR_NAME = AccentColor;
				ASSETCATALOG_COMPILER_INCLUDE_ALL_APPICON_ASSETS = YES;
				CODE_SIGN_STYLE = Automatic;
				CURRENT_PROJECT_VERSION = 1;
				DEVELOPMENT_ASSET_PATHS = "\"HikingApp/Preview Content\"";
				DEVELOPMENT_TEAM = 524JK9AL29;
				ENABLE_PREVIEWS = YES;
				GENERATE_INFOPLIST_FILE = YES;
				INFOPLIST_KEY_UIApplicationSceneManifest_Generation = YES;
				INFOPLIST_KEY_UIApplicationSupportsIndirectInputEvents = YES;
				INFOPLIST_KEY_UILaunchScreen_Generation = YES;
				INFOPLIST_KEY_UISupportedInterfaceOrientations_iPad = "UIInterfaceOrientationPortrait UIInterfaceOrientationPortraitUpsideDown UIInterfaceOrientationLandscapeLeft UIInterfaceOrientationLandscapeRight";
				INFOPLIST_KEY_UISupportedInterfaceOrientations_iPhone = "UIInterfaceOrientationPortrait UIInterfaceOrientationLandscapeLeft UIInterfaceOrientationLandscapeRight";
				LD_RUNPATH_SEARCH_PATHS = (
					"$(inherited)",
					"@executable_path/Frameworks",
				);
				MARKETING_VERSION = 1.0;
				PRODUCT_BUNDLE_IDENTIFIER = "Ulises-Martinez.HikingApp";
				PRODUCT_NAME = "$(TARGET_NAME)";
				SWIFT_EMIT_LOC_STRINGS = YES;
				SWIFT_VERSION = 5.0;
				TARGETED_DEVICE_FAMILY = "1,2";
			};
			name = Debug;
		};
		38C10F472C4602E500EFCFA1 /* Release */ = {
			isa = XCBuildConfiguration;
			buildSettings = {
				ASSETCATALOG_COMPILER_ALTERNATE_APPICON_NAMES = "AppIcon-Mushroom AppIcon-Campfire AppIcon-Camera AppIcon-Backpack";
				ASSETCATALOG_COMPILER_APPICON_NAME = AppIcon;
				ASSETCATALOG_COMPILER_GLOBAL_ACCENT_COLOR_NAME = AccentColor;
				ASSETCATALOG_COMPILER_INCLUDE_ALL_APPICON_ASSETS = YES;
				CODE_SIGN_STYLE = Automatic;
				CURRENT_PROJECT_VERSION = 1;
				DEVELOPMENT_ASSET_PATHS = "\"HikingApp/Preview Content\"";
				DEVELOPMENT_TEAM = 524JK9AL29;
				ENABLE_PREVIEWS = YES;
				GENERATE_INFOPLIST_FILE = YES;
				INFOPLIST_KEY_UIApplicationSceneManifest_Generation = YES;
				INFOPLIST_KEY_UIApplicationSupportsIndirectInputEvents = YES;
				INFOPLIST_KEY_UILaunchScreen_Generation = YES;
				INFOPLIST_KEY_UISupportedInterfaceOrientations_iPad = "UIInterfaceOrientationPortrait UIInterfaceOrientationPortraitUpsideDown UIInterfaceOrientationLandscapeLeft UIInterfaceOrientationLandscapeRight";
				INFOPLIST_KEY_UISupportedInterfaceOrientations_iPhone = "UIInterfaceOrientationPortrait UIInterfaceOrientationLandscapeLeft UIInterfaceOrientationLandscapeRight";
				LD_RUNPATH_SEARCH_PATHS = (
					"$(inherited)",
					"@executable_path/Frameworks",
				);
				MARKETING_VERSION = 1.0;
				PRODUCT_BUNDLE_IDENTIFIER = "Ulises-Martinez.HikingApp";
				PRODUCT_NAME = "$(TARGET_NAME)";
				SWIFT_EMIT_LOC_STRINGS = YES;
				SWIFT_VERSION = 5.0;
				TARGETED_DEVICE_FAMILY = "1,2";
			};
			name = Release;
		};
/* End XCBuildConfiguration section */

/* Begin XCConfigurationList section */
		38C10F322C4602E300EFCFA1 /* Build configuration list for PBXProject "HikingApp" */ = {
			isa = XCConfigurationList;
			buildConfigurations = (
				38C10F432C4602E500EFCFA1 /* Debug */,
				38C10F442C4602E500EFCFA1 /* Release */,
			);
			defaultConfigurationIsVisible = 0;
			defaultConfigurationName = Release;
		};
		38C10F452C4602E500EFCFA1 /* Build configuration list for PBXNativeTarget "HikingApp" */ = {
			isa = XCConfigurationList;
			buildConfigurations = (
				38C10F462C4602E500EFCFA1 /* Debug */,
				38C10F472C4602E500EFCFA1 /* Release */,
			);
			defaultConfigurationIsVisible = 0;
			defaultConfigurationName = Release;
		};
/* End XCConfigurationList section */
	};
	rootObject = 38C10F2F2C4602E300EFCFA1 /* Project object */;
}
